
Microsoft Visual Studio Solution File, Format Version 12.00
# Visual Studio 14
VisualStudioVersion = 14.0.25123.0
MinimumVisualStudioVersion = 10.0.40219.1
Project("{2150E333-8FDC-42A3-9474-1A3956D46DE8}") = "src", "src", "{A2F800AF-0DFD-4069-8E23-926051A07E54}"
EndProject
Project("{2150E333-8FDC-42A3-9474-1A3956D46DE8}") = "Solution Items", "Solution Items", "{8B499813-6E1A-4940-8445-87A4C857A3C6}"
	ProjectSection(SolutionItems) = preProject
		global.json = global.json
	EndProjectSection
EndProject
Project("{8BB2217D-0F2D-49D1-97BC-3654ED321F3B}") = "AzureCraftAPI", "src\AzureCraftAPI\AzureCraftAPI.xproj", "{D330600A-E52C-477B-82EC-8DAFC2D113DF}"
EndProject
Project("{2150E333-8FDC-42A3-9474-1A3956D46DE8}") = "test", "test", "{83691B49-C588-4E6D-A1E5-3FB43D12718A}"
EndProject
Project("{8BB2217D-0F2D-49D1-97BC-3654ED321F3B}") = "AzureCraftAPI.UnitTests", "AzureCraftAPI.UnitTests\AzureCraftAPI.UnitTests.xproj", "{650A5A85-5956-491E-9312-5E25A27D1108}"
EndProject
Global
	GlobalSection(SolutionConfigurationPlatforms) = preSolution
		Debug|Any CPU = Debug|Any CPU
		Release|Any CPU = Release|Any CPU
	EndGlobalSection
	GlobalSection(ProjectConfigurationPlatforms) = postSolution
		{D330600A-E52C-477B-82EC-8DAFC2D113DF}.Debug|Any CPU.ActiveCfg = Debug|Any CPU
		{D330600A-E52C-477B-82EC-8DAFC2D113DF}.Debug|Any CPU.Build.0 = Debug|Any CPU
		{D330600A-E52C-477B-82EC-8DAFC2D113DF}.Release|Any CPU.ActiveCfg = Release|Any CPU
		{D330600A-E52C-477B-82EC-8DAFC2D113DF}.Release|Any CPU.Build.0 = Release|Any CPU
		{650A5A85-5956-491E-9312-5E25A27D1108}.Debug|Any CPU.ActiveCfg = Debug|Any CPU
		{650A5A85-5956-491E-9312-5E25A27D1108}.Debug|Any CPU.Build.0 = Debug|Any CPU
		{650A5A85-5956-491E-9312-5E25A27D1108}.Release|Any CPU.ActiveCfg = Release|Any CPU
		{650A5A85-5956-491E-9312-5E25A27D1108}.Release|Any CPU.Build.0 = Release|Any CPU
	EndGlobalSection
	GlobalSection(SolutionProperties) = preSolution
		HideSolutionNode = FALSE
	EndGlobalSection
	GlobalSection(NestedProjects) = preSolution
		{D330600A-E52C-477B-82EC-8DAFC2D113DF} = {A2F800AF-0DFD-4069-8E23-926051A07E54}
		{650A5A85-5956-491E-9312-5E25A27D1108} = {83691B49-C588-4E6D-A1E5-3FB43D12718A}
	EndGlobalSection
EndGlobal
